
Microsoft Visual Studio Solution File, Format Version 11.00
# Visual Studio 2010
Project("{FAE04EC0-301F-11D3-BF4B-00C04F79EFBC}") = "MonoTouch.Dialog", "MonoTouch.Dialog\MonoTouch.Dialog.csproj", "{3FFBFFF8-5560-4EDE-82E5-3FFDFBBA8A50}"
EndProject
Project("{FAE04EC0-301F-11D3-BF4B-00C04F79EFBC}") = "Sample", "Sample\Sample.csproj", "{F6AEFFC5-4807-49A3-83C5-661E655CB59A}"
EndProject
Project("{FAE04EC0-301F-11D3-BF4B-00C04F79EFBC}") = "checklist", "checklist\checklist.csproj", "{21C73600-FB34-4C32-B7EF-8884A5FEFD49}"
EndProject
Project("{FAE04EC0-301F-11D3-BF4B-00C04F79EFBC}") = "Tabbed", "Tabbed\Tabbed.csproj", "{536EBAB8-E6C4-4CB5-8235-3089A5C0BE9A}"
EndProject
Global
	GlobalSection(SolutionConfigurationPlatforms) = preSolution
		Debug|iPhoneSimulator = Debug|iPhoneSimulator
		Release|iPhoneSimulator = Release|iPhoneSimulator
		Debug|iPhone = Debug|iPhone
		Release|iPhone = Release|iPhone
		Ad-Hoc|iPhone = Ad-Hoc|iPhone
		AppStore|iPhone = AppStore|iPhone
	EndGlobalSection
	GlobalSection(ProjectConfigurationPlatforms) = postSolution
		{21C73600-FB34-4C32-B7EF-8884A5FEFD49}.Ad-Hoc|iPhone.ActiveCfg = Ad-Hoc|iPhone
		{21C73600-FB34-4C32-B7EF-8884A5FEFD49}.Ad-Hoc|iPhone.Build.0 = Ad-Hoc|iPhone
		{21C73600-FB34-4C32-B7EF-8884A5FEFD49}.AppStore|iPhone.ActiveCfg = AppStore|iPhone
		{21C73600-FB34-4C32-B7EF-8884A5FEFD49}.AppStore|iPhone.Build.0 = AppStore|iPhone
		{21C73600-FB34-4C32-B7EF-8884A5FEFD49}.Debug|iPhone.ActiveCfg = Debug|iPhone
		{21C73600-FB34-4C32-B7EF-8884A5FEFD49}.Debug|iPhone.Build.0 = Debug|iPhone
		{21C73600-FB34-4C32-B7EF-8884A5FEFD49}.Debug|iPhoneSimulator.ActiveCfg = Debug|iPhoneSimulator
		{21C73600-FB34-4C32-B7EF-8884A5FEFD49}.Debug|iPhoneSimulator.Build.0 = Debug|iPhoneSimulator
		{21C73600-FB34-4C32-B7EF-8884A5FEFD49}.Release|iPhone.ActiveCfg = Release|iPhone
		{21C73600-FB34-4C32-B7EF-8884A5FEFD49}.Release|iPhone.Build.0 = Release|iPhone
		{21C73600-FB34-4C32-B7EF-8884A5FEFD49}.Release|iPhoneSimulator.ActiveCfg = Release|iPhoneSimulator
		{21C73600-FB34-4C32-B7EF-8884A5FEFD49}.Release|iPhoneSimulator.Build.0 = Release|iPhoneSimulator
		{3FFBFFF8-5560-4EDE-82E5-3FFDFBBA8A50}.Debug|iPhone.ActiveCfg = Debug|iPhone
		{3FFBFFF8-5560-4EDE-82E5-3FFDFBBA8A50}.Debug|iPhone.Build.0 = Debug|iPhone
		{3FFBFFF8-5560-4EDE-82E5-3FFDFBBA8A50}.Debug|iPhoneSimulator.ActiveCfg = Debug|iPhoneSimulator
		{3FFBFFF8-5560-4EDE-82E5-3FFDFBBA8A50}.Debug|iPhoneSimulator.Build.0 = Debug|iPhoneSimulator
		{3FFBFFF8-5560-4EDE-82E5-3FFDFBBA8A50}.Release|iPhone.ActiveCfg = Release|iPhone
		{3FFBFFF8-5560-4EDE-82E5-3FFDFBBA8A50}.Release|iPhone.Build.0 = Release|iPhone
		{3FFBFFF8-5560-4EDE-82E5-3FFDFBBA8A50}.Release|iPhoneSimulator.ActiveCfg = Release|iPhoneSimulator
		{3FFBFFF8-5560-4EDE-82E5-3FFDFBBA8A50}.Release|iPhoneSimulator.Build.0 = Release|iPhoneSimulator
		{536EBAB8-E6C4-4CB5-8235-3089A5C0BE9A}.Ad-Hoc|iPhone.ActiveCfg = Ad-Hoc|iPhone
		{536EBAB8-E6C4-4CB5-8235-3089A5C0BE9A}.Ad-Hoc|iPhone.Build.0 = Ad-Hoc|iPhone
		{536EBAB8-E6C4-4CB5-8235-3089A5C0BE9A}.AppStore|iPhone.ActiveCfg = AppStore|iPhone
		{536EBAB8-E6C4-4CB5-8235-3089A5C0BE9A}.AppStore|iPhone.Build.0 = AppStore|iPhone
		{536EBAB8-E6C4-4CB5-8235-3089A5C0BE9A}.Debug|iPhone.ActiveCfg = Debug|iPhone
		{536EBAB8-E6C4-4CB5-8235-3089A5C0BE9A}.Debug|iPhone.Build.0 = Debug|iPhone
		{536EBAB8-E6C4-4CB5-8235-3089A5C0BE9A}.Debug|iPhoneSimulator.ActiveCfg = Debug|iPhoneSimulator
		{536EBAB8-E6C4-4CB5-8235-3089A5C0BE9A}.Debug|iPhoneSimulator.Build.0 = Debug|iPhoneSimulator
		{536EBAB8-E6C4-4CB5-8235-3089A5C0BE9A}.Release|iPhone.ActiveCfg = Release|iPhone
		{536EBAB8-E6C4-4CB5-8235-3089A5C0BE9A}.Release|iPhone.Build.0 = Release|iPhone
		{536EBAB8-E6C4-4CB5-8235-3089A5C0BE9A}.Release|iPhoneSimulator.ActiveCfg = Release|iPhoneSimulator
		{536EBAB8-E6C4-4CB5-8235-3089A5C0BE9A}.Release|iPhoneSimulator.Build.0 = Release|iPhoneSimulator
		{F6AEFFC5-4807-49A3-83C5-661E655CB59A}.Debug|iPhone.ActiveCfg = Debug|iPhone
		{F6AEFFC5-4807-49A3-83C5-661E655CB59A}.Debug|iPhone.Build.0 = Debug|iPhone
		{F6AEFFC5-4807-49A3-83C5-661E655CB59A}.Debug|iPhoneSimulator.ActiveCfg = Debug|iPhoneSimulator
		{F6AEFFC5-4807-49A3-83C5-661E655CB59A}.Debug|iPhoneSimulator.Build.0 = Debug|iPhoneSimulator
		{F6AEFFC5-4807-49A3-83C5-661E655CB59A}.Release|iPhone.ActiveCfg = Release|iPhone
		{F6AEFFC5-4807-49A3-83C5-661E655CB59A}.Release|iPhone.Build.0 = Release|iPhone
		{F6AEFFC5-4807-49A3-83C5-661E655CB59A}.Release|iPhoneSimulator.ActiveCfg = Release|iPhoneSimulator
		{F6AEFFC5-4807-49A3-83C5-661E655CB59A}.Release|iPhoneSimulator.Build.0 = Release|iPhoneSimulator
	EndGlobalSection
	GlobalSection(MonoDevelopProperties) = preSolution
		StartupItem = checklist\checklist.csproj
	EndGlobalSection
EndGlobal
